// !$*UTF8*$!
{
	archiveVersion = 1;
	classes = {
	};
	objectVersion = 50;
	objects = {

/* Begin PBXBuildFile section */
		6F389CAC25E4A58900885AB3 /* AppDelegate.swift in Sources */ = {isa = PBXBuildFile; fileRef = 6F389CAB25E4A58900885AB3 /* AppDelegate.swift */; };
		6F389CAE25E4A58900885AB3 /* ContentView.swift in Sources */ = {isa = PBXBuildFile; fileRef = 6F389CAD25E4A58900885AB3 /* ContentView.swift */; };
		6F389CB025E4A58A00885AB3 /* Assets.xcassets in Resources */ = {isa = PBXBuildFile; fileRef = 6F389CAF25E4A58A00885AB3 /* Assets.xcassets */; };
		6F389CB325E4A58A00885AB3 /* Preview Assets.xcassets in Resources */ = {isa = PBXBuildFile; fileRef = 6F389CB225E4A58A00885AB3 /* Preview Assets.xcassets */; };
		6F389CB625E4A58A00885AB3 /* Main.storyboard in Resources */ = {isa = PBXBuildFile; fileRef = 6F389CB425E4A58A00885AB3 /* Main.storyboard */; };
		6F389CC125E4A5AC00885AB3 /* MyViewController.swift in Sources */ = {isa = PBXBuildFile; fileRef = 6F389CBF25E4A5AC00885AB3 /* MyViewController.swift */; };
		6F389CC225E4A5AC00885AB3 /* MyViewController.xib in Resources */ = {isa = PBXBuildFile; fileRef = 6F389CC025E4A5AC00885AB3 /* MyViewController.xib */; };
		6F389CC525E4A5D600885AB3 /* MyViewControllerRepresentable.swift in Sources */ = {isa = PBXBuildFile; fileRef = 6F389CC425E4A5D600885AB3 /* MyViewControllerRepresentable.swift */; };
/* End PBXBuildFile section */

/* Begin PBXFileReference section */
		6F389CA825E4A58900885AB3 /* LifeCycleBug.app */ = {isa = PBXFileReference; explicitFileType = wrapper.application; includeInIndex = 0; path = LifeCycleBug.app; sourceTree = BUILT_PRODUCTS_DIR; };
		6F389CAB25E4A58900885AB3 /* AppDelegate.swift */ = {isa = PBXFileReference; lastKnownFileType = sourcecode.swift; path = AppDelegate.swift; sourceTree = "<group>"; };
		6F389CAD25E4A58900885AB3 /* ContentView.swift */ = {isa = PBXFileReference; lastKnownFileType = sourcecode.swift; path = ContentView.swift; sourceTree = "<group>"; };
		6F389CAF25E4A58A00885AB3 /* Assets.xcassets */ = {isa = PBXFileReference; lastKnownFileType = folder.assetcatalog; path = Assets.xcassets; sourceTree = "<group>"; };
		6F389CB225E4A58A00885AB3 /* Preview Assets.xcassets */ = {isa = PBXFileReference; lastKnownFileType = folder.assetcatalog; path = "Preview Assets.xcassets"; sourceTree = "<group>"; };
		6F389CB525E4A58A00885AB3 /* Base */ = {isa = PBXFileReference; lastKnownFileType = file.storyboard; name = Base; path = Base.lproj/Main.storyboard; sourceTree = "<group>"; };
		6F389CB725E4A58A00885AB3 /* Info.plist */ = {isa = PBXFileReference; lastKnownFileType = text.plist.xml; path = Info.plist; sourceTree = "<group>"; };
		6F389CB825E4A58A00885AB3 /* LifeCycleBug.entitlements */ = {isa = PBXFileReference; lastKnownFileType = text.plist.entitlements; path = LifeCycleBug.entitlements; sourceTree = "<group>"; };
		6F389CBF25E4A5AC00885AB3 /* MyViewController.swift */ = {isa = PBXFileReference; lastKnownFileType = sourcecode.swift; path = MyViewController.swift; sourceTree = "<group>"; };
		6F389CC025E4A5AC00885AB3 /* MyViewController.xib */ = {isa = PBXFileReference; lastKnownFileType = file.xib; path = MyViewController.xib; sourceTree = "<group>"; };
		6F389CC425E4A5D600885AB3 /* MyViewControllerRepresentable.swift */ = {isa = PBXFileReference; lastKnownFileType = sourcecode.swift; path = MyViewControllerRepresentable.swift; sourceTree = "<group>"; };
/* End PBXFileReference section */

/* Begin PBXFrameworksBuildPhase section */
		6F389CA525E4A58900885AB3 /* Frameworks */ = {
			isa = PBXFrameworksBuildPhase;
			buildActionMask = 2147483647;
			files = (
			);
			runOnlyForDeploymentPostprocessing = 0;
		};
/* End PBXFrameworksBuildPhase section */

/* Begin PBXGroup section */
		6F389C9F25E4A58900885AB3 = {
			isa = PBXGroup;
			children = (
				6F389CAA25E4A58900885AB3 /* LifeCycleBug */,
				6F389CA925E4A58900885AB3 /* Products */,
			);
			sourceTree = "<group>";
		};
		6F389CA925E4A58900885AB3 /* Products */ = {
			isa = PBXGroup;
			children = (
				6F389CA825E4A58900885AB3 /* LifeCycleBug.app */,
			);
			name = Products;
			sourceTree = "<group>";
		};
		6F389CAA25E4A58900885AB3 /* LifeCycleBug */ = {
			isa = PBXGroup;
			children = (
				6F389CAB25E4A58900885AB3 /* AppDelegate.swift */,
				6F389CAD25E4A58900885AB3 /* ContentView.swift */,
				6F389CAF25E4A58A00885AB3 /* Assets.xcassets */,
				6F389CB425E4A58A00885AB3 /* Main.storyboard */,
				6F389CB725E4A58A00885AB3 /* Info.plist */,
				6F389CB825E4A58A00885AB3 /* LifeCycleBug.entitlements */,
				6F389CB125E4A58A00885AB3 /* Preview Content */,
				6F389CBF25E4A5AC00885AB3 /* MyViewController.swift */,
				6F389CC025E4A5AC00885AB3 /* MyViewController.xib */,
				6F389CC425E4A5D600885AB3 /* MyViewControllerRepresentable.swift */,
			);
			path = LifeCycleBug;
			sourceTree = "<group>";
		};
		6F389CB125E4A58A00885AB3 /* Preview Content */ = {
			isa = PBXGroup;
			children = (
				6F389CB225E4A58A00885AB3 /* Preview Assets.xcassets */,
			);
			path = "Preview Content";
			sourceTree = "<group>";
		};
/* End PBXGroup section */

/* Begin PBXNativeTarget section */
		6F389CA725E4A58900885AB3 /* LifeCycleBug */ = {
			isa = PBXNativeTarget;
			buildConfigurationList = 6F389CBB25E4A58A00885AB3 /* Build configuration list for PBXNativeTarget "LifeCycleBug" */;
			buildPhases = (
				6F389CA425E4A58900885AB3 /* Sources */,
				6F389CA525E4A58900885AB3 /* Frameworks */,
				6F389CA625E4A58900885AB3 /* Resources */,
			);
			buildRules = (
			);
			dependencies = (
			);
			name = LifeCycleBug;
			productName = LifeCycleBug;
			productReference = 6F389CA825E4A58900885AB3 /* LifeCycleBug.app */;
			productType = "com.apple.product-type.application";
		};
/* End PBXNativeTarget section */

/* Begin PBXProject section */
		6F389CA025E4A58900885AB3 /* Project object */ = {
			isa = PBXProject;
			attributes = {
				LastSwiftUpdateCheck = 1240;
				LastUpgradeCheck = 1240;
				TargetAttributes = {
					6F389CA725E4A58900885AB3 = {
						CreatedOnToolsVersion = 12.4;
					};
				};
			};
			buildConfigurationList = 6F389CA325E4A58900885AB3 /* Build configuration list for PBXProject "LifeCycleBug" */;
			compatibilityVersion = "Xcode 9.3";
			developmentRegion = en;
			hasScannedForEncodings = 0;
			knownRegions = (
				en,
				Base,
			);
			mainGroup = 6F389C9F25E4A58900885AB3;
			productRefGroup = 6F389CA925E4A58900885AB3 /* Products */;
			projectDirPath = "";
			projectRoot = "";
			targets = (
				6F389CA725E4A58900885AB3 /* LifeCycleBug */,
			);
		};
/* End PBXProject section */

/* Begin PBXResourcesBuildPhase section */
		6F389CA625E4A58900885AB3 /* Resources */ = {
			isa = PBXResourcesBuildPhase;
			buildActionMask = 2147483647;
			files = (
				6F389CB625E4A58A00885AB3 /* Main.storyboard in Resources */,
				6F389CB325E4A58A00885AB3 /* Preview Assets.xcassets in Resources */,
				6F389CC225E4A5AC00885AB3 /* MyViewController.xib in Resources */,
				6F389CB025E4A58A00885AB3 /* Assets.xcassets in Resources */,
			);
			runOnlyForDeploymentPostprocessing = 0;
		};
/* End PBXResourcesBuildPhase section */

/* Begin PBXSourcesBuildPhase section */
		6F389CA425E4A58900885AB3 /* Sources */ = {
			isa = PBXSourcesBuildPhase;
			buildActionMask = 2147483647;
			files = (
				6F389CAE25E4A58900885AB3 /* ContentView.swift in Sources */,
				6F389CC125E4A5AC00885AB3 /* MyViewController.swift in Sources */,
				6F389CAC25E4A58900885AB3 /* AppDelegate.swift in Sources */,
				6F389CC525E4A5D600885AB3 /* MyViewControllerRepresentable.swift in Sources */,
			);
			runOnlyForDeploymentPostprocessing = 0;
		};
/* End PBXSourcesBuildPhase section */

/* Begin PBXVariantGroup section */
		6F389CB425E4A58A00885AB3 /* Main.storyboard */ = {
			isa = PBXVariantGroup;
			children = (
				6F389CB525E4A58A00885AB3 /* Base */,
			);
			name = Main.storyboard;
			sourceTree = "<group>";
		};
/* End PBXVariantGroup section */

/* Begin XCBuildConfiguration section */
		6F389CB925E4A58A00885AB3 /* Debug */ = {
			isa = XCBuildConfiguration;
			buildSettings = {
				ALWAYS_SEARCH_USER_PATHS = NO;
				CLANG_ANALYZER_NONNULL = YES;
				CLANG_ANALYZER_NUMBER_OBJECT_CONVERSION = YES_AGGRESSIVE;
				CLANG_CXX_LANGUAGE_STANDARD = "gnu++14";
				CLANG_CXX_LIBRARY = "libc++";
				CLANG_ENABLE_MODULES = YES;
				CLANG_ENABLE_OBJC_ARC = YES;
				CLANG_ENABLE_OBJC_WEAK = YES;
				CLANG_WARN_BLOCK_CAPTURE_AUTORELEASING = YES;
				CLANG_WARN_BOOL_CONVERSION = YES;
				CLANG_WARN_COMMA = YES;
				CLANG_WARN_CONSTANT_CONVERSION = YES;
				CLANG_WARN_DEPRECATED_OBJC_IMPLEMENTATIONS = YES;
				CLANG_WARN_DIRECT_OBJC_ISA_USAGE = YES_ERROR;
				CLANG_WARN_DOCUMENTATION_COMMENTS = YES;
				CLANG_WARN_EMPTY_BODY = YES;
				CLANG_WARN_ENUM_CONVERSION = YES;
				CLANG_WARN_INFINITE_RECURSION = YES;
				CLANG_WARN_INT_CONVERSION = YES;
				CLANG_WARN_NON_LITERAL_NULL_CONVERSION = YES;
				CLANG_WARN_OBJC_IMPLICIT_RETAIN_SELF = YES;
				CLANG_WARN_OBJC_LITERAL_CONVERSION = YES;
				CLANG_WARN_OBJC_ROOT_CLASS = YES_ERROR;
				CLANG_WARN_QUOTED_INCLUDE_IN_FRAMEWORK_HEADER = YES;
				CLANG_WARN_RANGE_LOOP_ANALYSIS = YES;
				CLANG_WARN_STRICT_PROTOTYPES = YES;
				CLANG_WARN_SUSPICIOUS_MOVE = YES;
				CLANG_WARN_UNGUARDED_AVAILABILITY = YES_AGGRESSIVE;
				CLANG_WARN_UNREACHABLE_CODE = YES;
				CLANG_WARN__DUPLICATE_METHOD_MATCH = YES;
				COPY_PHASE_STRIP = NO;
				DEBUG_INFORMATION_FORMAT = dwarf;
				ENABLE_STRICT_OBJC_MSGSEND = YES;
				ENABLE_TESTABILITY = YES;
				GCC_C_LANGUAGE_STANDARD = gnu11;
				GCC_DYNAMIC_NO_PIC = NO;
				GCC_NO_COMMON_BLOCKS = YES;
				GCC_OPTIMIZATION_LEVEL = 0;
				GCC_PREPROCESSOR_DEFINITIONS = (
					"DEBUG=1",
					"$(inherited)",
				);
				GCC_WARN_64_TO_32_BIT_CONVERSION = YES;
				GCC_WARN_ABOUT_RETURN_TYPE = YES_ERROR;
				GCC_WARN_UNDECLARED_SELECTOR = YES;
				GCC_WARN_UNINITIALIZED_AUTOS = YES_AGGRESSIVE;
				GCC_WARN_UNUSED_FUNCTION = YES;
				GCC_WARN_UNUSED_VARIABLE = YES;
				MACOSX_DEPLOYMENT_TARGET = 10.15;
				MTL_ENABLE_DEBUG_INFO = INCLUDE_SOURCE;
				MTL_FAST_MATH = YES;
				ONLY_ACTIVE_ARCH = YES;
				SDKROOT = macosx;
				SWIFT_ACTIVE_COMPILATION_CONDITIONS = DEBUG;
				SWIFT_OPTIMIZATION_LEVEL = "-Onone";
			};
			name = Debug;
		};
		6F389CBA25E4A58A00885AB3 /* Release */ = {
			isa = XCBuildConfiguration;
			buildSettings = {
				ALWAYS_SEARCH_USER_PATHS = NO;
				CLANG_ANALYZER_NONNULL = YES;
				CLANG_ANALYZER_NUMBER_OBJECT_CONVERSION = YES_AGGRESSIVE;
				CLANG_CXX_LANGUAGE_STANDARD = "gnu++14";
				CLANG_CXX_LIBRARY = "libc++";
				CLANG_ENABLE_MODULES = YES;
				CLANG_ENABLE_OBJC_ARC = YES;
				CLANG_ENABLE_OBJC_WEAK = YES;
				CLANG_WARN_BLOCK_CAPTURE_AUTORELEASING = YES;
				CLANG_WARN_BOOL_CONVERSION = YES;
				CLANG_WARN_COMMA = YES;
				CLANG_WARN_CONSTANT_CONVERSION = YES;
				CLANG_WARN_DEPRECATED_OBJC_IMPLEMENTATIONS = YES;
				CLANG_WARN_DIRECT_OBJC_ISA_USAGE = YES_ERROR;
				CLANG_WARN_DOCUMENTATION_COMMENTS = YES;
				CLANG_WARN_EMPTY_BODY = YES;
				CLANG_WARN_ENUM_CONVERSION = YES;
				CLANG_WARN_INFINITE_RECURSION = YES;
				CLANG_WARN_INT_CONVERSION = YES;
				CLANG_WARN_NON_LITERAL_NULL_CONVERSION = YES;
				CLANG_WARN_OBJC_IMPLICIT_RETAIN_SELF = YES;
				CLANG_WARN_OBJC_LITERAL_CONVERSION = YES;
				CLANG_WARN_OBJC_ROOT_CLASS = YES_ERROR;
				CLANG_WARN_QUOTED_INCLUDE_IN_FRAMEWORK_HEADER = YES;
				CLANG_WARN_RANGE_LOOP_ANALYSIS = YES;
				CLANG_WARN_STRICT_PROTOTYPES = YES;
				CLANG_WARN_SUSPICIOUS_MOVE = YES;
				CLANG_WARN_UNGUARDED_AVAILABILITY = YES_AGGRESSIVE;
				CLANG_WARN_UNREACHABLE_CODE = YES;
				CLANG_WARN__DUPLICATE_METHOD_MATCH = YES;
				COPY_PHASE_STRIP = NO;
				DEBUG_INFORMATION_FORMAT = "dwarf-with-dsym";
				ENABLE_NS_ASSERTIONS = NO;
				ENABLE_STRICT_OBJC_MSGSEND = YES;
				GCC_C_LANGUAGE_STANDARD = gnu11;
				GCC_NO_COMMON_BLOCKS = YES;
				GCC_WARN_64_TO_32_BIT_CONVERSION = YES;
				GCC_WARN_ABOUT_RETURN_TYPE = YES_ERROR;
				GCC_WARN_UNDECLARED_SELECTOR = YES;
				GCC_WARN_UNINITIALIZED_AUTOS = YES_AGGRESSIVE;
				GCC_WARN_UNUSED_FUNCTION = YES;
				GCC_WARN_UNUSED_VARIABLE = YES;
				MACOSX_DEPLOYMENT_TARGET = 10.15;
				MTL_ENABLE_DEBUG_INFO = NO;
				MTL_FAST_MATH = YES;
				SDKROOT = macosx;
				SWIFT_COMPILATION_MODE = wholemodule;
				SWIFT_OPTIMIZATION_LEVEL = "-O";
			};
			name = Release;
		};
		6F389CBC25E4A58A00885AB3 /* Debug */ = {
			isa = XCBuildConfiguration;
			buildSettings = {
				ASSETCATALOG_COMPILER_APPICON_NAME = AppIcon;
				ASSETCATALOG_COMPILER_GLOBAL_ACCENT_COLOR_NAME = AccentColor;
				CODE_SIGN_ENTITLEMENTS = LifeCycleBug/LifeCycleBug.entitlements;
				CODE_SIGN_STYLE = Automatic;
				COMBINE_HIDPI_IMAGES = YES;
				DEVELOPMENT_ASSET_PATHS = "\"LifeCycleBug/Preview Content\"";
				ENABLE_PREVIEWS = YES;
				INFOPLIST_FILE = LifeCycleBug/Info.plist;
				LD_RUNPATH_SEARCH_PATHS = (
					"$(inherited)",
					"@executable_path/../Frameworks",
				);
				MACOSX_DEPLOYMENT_TARGET = 10.15;
				PRODUCT_BUNDLE_IDENTIFIER = dsad.LifeCycleBug;
				PRODUCT_NAME = "$(TARGET_NAME)";
				SWIFT_VERSION = 5.0;
			};
			name = Debug;
		};
		6F389CBD25E4A58A00885AB3 /* Release */ = {
			isa = XCBuildConfiguration;
			buildSettings = {
				ASSETCATALOG_COMPILER_APPICON_NAME = AppIcon;
				ASSETCATALOG_COMPILER_GLOBAL_ACCENT_COLOR_NAME = AccentColor;
				CODE_SIGN_ENTITLEMENTS = LifeCycleBug/LifeCycleBug.entitlements;
				CODE_SIGN_STYLE = Automatic;
				COMBINE_HIDPI_IMAGES = YES;
				DEVELOPMENT_ASSET_PATHS = "\"LifeCycleBug/Preview Content\"";
				ENABLE_PREVIEWS = YES;
				INFOPLIST_FILE = LifeCycleBug/Info.plist;
				LD_RUNPATH_SEARCH_PATHS = (
					"$(inherited)",
					"@executable_path/../Frameworks",
				);
				MACOSX_DEPLOYMENT_TARGET = 10.15;
				PRODUCT_BUNDLE_IDENTIFIER = dsad.LifeCycleBug;
				PRODUCT_NAME = "$(TARGET_NAME)";
				SWIFT_VERSION = 5.0;
			};
			name = Release;
		};
/* End XCBuildConfiguration section */

/* Begin XCConfigurationList section */
		6F389CA325E4A58900885AB3 /* Build configuration list for PBXProject "LifeCycleBug" */ = {
			isa = XCConfigurationList;
			buildConfigurations = (
				6F389CB925E4A58A00885AB3 /* Debug */,
				6F389CBA25E4A58A00885AB3 /* Release */,
			);
			defaultConfigurationIsVisible = 0;
			defaultConfigurationName = Release;
		};
		6F389CBB25E4A58A00885AB3 /* Build configuration list for PBXNativeTarget "LifeCycleBug" */ = {
			isa = XCConfigurationList;
			buildConfigurations = (
				6F389CBC25E4A58A00885AB3 /* Debug */,
				6F389CBD25E4A58A00885AB3 /* Release */,
			);
			defaultConfigurationIsVisible = 0;
			defaultConfigurationName = Release;
		};
/* End XCConfigurationList section */
	};
	rootObject = 6F389CA025E4A58900885AB3 /* Project object */;
}
